
Microsoft Visual Studio Solution File, Format Version 12.00
# Visual Studio Version 17
VisualStudioVersion = 17.9.34701.34
MinimumVisualStudioVersion = 10.0.40219.1
Project("{FAE04EC0-301F-11D3-BF4B-00C04F79EFBC}") = "lab2_ver2", "lab2_ver2.csproj", "{FABFA054-3D1D-434B-9221-A962BAC08517}"
EndProject
Project("{2150E333-8FDC-42A3-9474-1A3956D46DE8}") = "Элементы решения", "Элементы решения", "{754FC069-D67B-A9D7-50A1-8D1CA196D8F1}"
	ProjectSection(SolutionItems) = preProject
		help.txt = help.txt
	EndProjectSection
EndProject
Global
	GlobalSection(SolutionConfigurationPlatforms) = preSolution
		Debug|Any CPU = Debug|Any CPU
		Release|Any CPU = Release|Any CPU
	EndGlobalSection
	GlobalSection(ProjectConfigurationPlatforms) = postSolution
		{FABFA054-3D1D-434B-9221-A962BAC08517}.Debug|Any CPU.ActiveCfg = Debug|Any CPU
		{FABFA054-3D1D-434B-9221-A962BAC08517}.Debug|Any CPU.Build.0 = Debug|Any CPU
		{FABFA054-3D1D-434B-9221-A962BAC08517}.Release|Any CPU.ActiveCfg = Release|Any CPU
		{FABFA054-3D1D-434B-9221-A962BAC08517}.Release|Any CPU.Build.0 = Release|Any CPU
	EndGlobalSection
	GlobalSection(SolutionProperties) = preSolution
		HideSolutionNode = FALSE
	EndGlobalSection
	GlobalSection(ExtensibilityGlobals) = postSolution
		SolutionGuid = {015EA7E7-EFD4-4785-BFEC-F92F21F11F02}
	EndGlobalSection
EndGlobal
